// !$*UTF8*$!
{
	archiveVersion = 1;
	classes = {
	};
	objectVersion = 55;
	objects = {

/* Begin PBXBuildFile section */
		1A5D9A0D2913B81700DB27C2 /* AppDelegate.swift in Sources */ = {isa = PBXBuildFile; fileRef = 1A5D9A0C2913B81700DB27C2 /* AppDelegate.swift */; };
		1A5D9A0F2913B81700DB27C2 /* SceneDelegate.swift in Sources */ = {isa = PBXBuildFile; fileRef = 1A5D9A0E2913B81700DB27C2 /* SceneDelegate.swift */; };
		1A5D9A172913B81700DB27C2 /* ShortcutXkcdComics.xcdatamodeld in Sources */ = {isa = PBXBuildFile; fileRef = 1A5D9A152913B81700DB27C2 /* ShortcutXkcdComics.xcdatamodeld */; };
		1A5D9A192913B81800DB27C2 /* Assets.xcassets in Resources */ = {isa = PBXBuildFile; fileRef = 1A5D9A182913B81800DB27C2 /* Assets.xcassets */; };
		1A5D9A1C2913B81800DB27C2 /* LaunchScreen.storyboard in Resources */ = {isa = PBXBuildFile; fileRef = 1A5D9A1A2913B81800DB27C2 /* LaunchScreen.storyboard */; };
		1A5D9A282913BA1D00DB27C2 /* Home.swift in Sources */ = {isa = PBXBuildFile; fileRef = 1A5D9A272913BA1D00DB27C2 /* Home.swift */; };
		1A5D9A2F2913BD0A00DB27C2 /* UIKitHelper in Frameworks */ = {isa = PBXBuildFile; productRef = 1A5D9A2E2913BD0A00DB27C2 /* UIKitHelper */; };
		1A5D9A322913C26D00DB27C2 /* NetworkingService.swift in Sources */ = {isa = PBXBuildFile; fileRef = 1A5D9A312913C26D00DB27C2 /* NetworkingService.swift */; };
		1A5D9A342913C27B00DB27C2 /* NetworkingError.swift in Sources */ = {isa = PBXBuildFile; fileRef = 1A5D9A332913C27B00DB27C2 /* NetworkingError.swift */; };
		1A5D9A362913C28800DB27C2 /* Endpoints.swift in Sources */ = {isa = PBXBuildFile; fileRef = 1A5D9A352913C28800DB27C2 /* Endpoints.swift */; };
		1A5D9A382913C2B100DB27C2 /* Constants.swift in Sources */ = {isa = PBXBuildFile; fileRef = 1A5D9A372913C2B100DB27C2 /* Constants.swift */; };
		1A5D9A3A2913C31100DB27C2 /* DataParser.swift in Sources */ = {isa = PBXBuildFile; fileRef = 1A5D9A392913C31100DB27C2 /* DataParser.swift */; };
		1A5D9A3E2913C35900DB27C2 /* ComicsResponse.swift in Sources */ = {isa = PBXBuildFile; fileRef = 1A5D9A3D2913C35900DB27C2 /* ComicsResponse.swift */; };
		1A5D9A402913C37500DB27C2 /* ComicsApiProtocol.swift in Sources */ = {isa = PBXBuildFile; fileRef = 1A5D9A3F2913C37500DB27C2 /* ComicsApiProtocol.swift */; };
		1A5D9A422913C7F300DB27C2 /* Comic.swift in Sources */ = {isa = PBXBuildFile; fileRef = 1A5D9A412913C7F300DB27C2 /* Comic.swift */; };
		1A5D9A442913C82700DB27C2 /* ComicsApi.swift in Sources */ = {isa = PBXBuildFile; fileRef = 1A5D9A432913C82700DB27C2 /* ComicsApi.swift */; };
		1A5D9A462913C84900DB27C2 /* HomeViewModel.swift in Sources */ = {isa = PBXBuildFile; fileRef = 1A5D9A452913C84900DB27C2 /* HomeViewModel.swift */; };
		1A5D9A482913C8FE00DB27C2 /* Alert.swift in Sources */ = {isa = PBXBuildFile; fileRef = 1A5D9A472913C8FE00DB27C2 /* Alert.swift */; };
/* End PBXBuildFile section */

/* Begin PBXFileReference section */
		1A5D9A092913B81700DB27C2 /* ShortcutXkcdComics.app */ = {isa = PBXFileReference; explicitFileType = wrapper.application; includeInIndex = 0; path = ShortcutXkcdComics.app; sourceTree = BUILT_PRODUCTS_DIR; };
		1A5D9A0C2913B81700DB27C2 /* AppDelegate.swift */ = {isa = PBXFileReference; lastKnownFileType = sourcecode.swift; path = AppDelegate.swift; sourceTree = "<group>"; };
		1A5D9A0E2913B81700DB27C2 /* SceneDelegate.swift */ = {isa = PBXFileReference; lastKnownFileType = sourcecode.swift; path = SceneDelegate.swift; sourceTree = "<group>"; };
		1A5D9A162913B81700DB27C2 /* ShortcutXkcdComics.xcdatamodel */ = {isa = PBXFileReference; lastKnownFileType = wrapper.xcdatamodel; path = ShortcutXkcdComics.xcdatamodel; sourceTree = "<group>"; };
		1A5D9A182913B81800DB27C2 /* Assets.xcassets */ = {isa = PBXFileReference; lastKnownFileType = folder.assetcatalog; path = Assets.xcassets; sourceTree = "<group>"; };
		1A5D9A1B2913B81800DB27C2 /* Base */ = {isa = PBXFileReference; lastKnownFileType = file.storyboard; name = Base; path = Base.lproj/LaunchScreen.storyboard; sourceTree = "<group>"; };
		1A5D9A1D2913B81800DB27C2 /* Info.plist */ = {isa = PBXFileReference; lastKnownFileType = text.plist.xml; path = Info.plist; sourceTree = "<group>"; };
		1A5D9A272913BA1D00DB27C2 /* Home.swift */ = {isa = PBXFileReference; lastKnownFileType = sourcecode.swift; path = Home.swift; sourceTree = "<group>"; };
		1A5D9A292913BB7200DB27C2 /* README.md */ = {isa = PBXFileReference; lastKnownFileType = net.daringfireball.markdown; path = README.md; sourceTree = "<group>"; };
		1A5D9A312913C26D00DB27C2 /* NetworkingService.swift */ = {isa = PBXFileReference; lastKnownFileType = sourcecode.swift; path = NetworkingService.swift; sourceTree = "<group>"; };
		1A5D9A332913C27B00DB27C2 /* NetworkingError.swift */ = {isa = PBXFileReference; lastKnownFileType = sourcecode.swift; path = NetworkingError.swift; sourceTree = "<group>"; };
		1A5D9A352913C28800DB27C2 /* Endpoints.swift */ = {isa = PBXFileReference; lastKnownFileType = sourcecode.swift; path = Endpoints.swift; sourceTree = "<group>"; };
		1A5D9A372913C2B100DB27C2 /* Constants.swift */ = {isa = PBXFileReference; lastKnownFileType = sourcecode.swift; path = Constants.swift; sourceTree = "<group>"; };
		1A5D9A392913C31100DB27C2 /* DataParser.swift */ = {isa = PBXFileReference; lastKnownFileType = sourcecode.swift; path = DataParser.swift; sourceTree = "<group>"; };
		1A5D9A3D2913C35900DB27C2 /* ComicsResponse.swift */ = {isa = PBXFileReference; lastKnownFileType = sourcecode.swift; path = ComicsResponse.swift; sourceTree = "<group>"; };
		1A5D9A3F2913C37500DB27C2 /* ComicsApiProtocol.swift */ = {isa = PBXFileReference; lastKnownFileType = sourcecode.swift; path = ComicsApiProtocol.swift; sourceTree = "<group>"; };
		1A5D9A412913C7F300DB27C2 /* Comic.swift */ = {isa = PBXFileReference; lastKnownFileType = sourcecode.swift; path = Comic.swift; sourceTree = "<group>"; };
		1A5D9A432913C82700DB27C2 /* ComicsApi.swift */ = {isa = PBXFileReference; lastKnownFileType = sourcecode.swift; path = ComicsApi.swift; sourceTree = "<group>"; };
		1A5D9A452913C84900DB27C2 /* HomeViewModel.swift */ = {isa = PBXFileReference; lastKnownFileType = sourcecode.swift; path = HomeViewModel.swift; sourceTree = "<group>"; };
		1A5D9A472913C8FE00DB27C2 /* Alert.swift */ = {isa = PBXFileReference; lastKnownFileType = sourcecode.swift; path = Alert.swift; sourceTree = "<group>"; };
/* End PBXFileReference section */

/* Begin PBXFrameworksBuildPhase section */
		1A5D9A062913B81700DB27C2 /* Frameworks */ = {
			isa = PBXFrameworksBuildPhase;
			buildActionMask = 2147483647;
			files = (
				1A5D9A2F2913BD0A00DB27C2 /* UIKitHelper in Frameworks */,
			);
			runOnlyForDeploymentPostprocessing = 0;
		};
/* End PBXFrameworksBuildPhase section */

/* Begin PBXGroup section */
		1A5D9A002913B81700DB27C2 = {
			isa = PBXGroup;
			children = (
				1A5D9A0B2913B81700DB27C2 /* ShortcutXkcdComics */,
				1A5D9A0A2913B81700DB27C2 /* Products */,
			);
			sourceTree = "<group>";
		};
		1A5D9A0A2913B81700DB27C2 /* Products */ = {
			isa = PBXGroup;
			children = (
				1A5D9A092913B81700DB27C2 /* ShortcutXkcdComics.app */,
			);
			name = Products;
			sourceTree = "<group>";
		};
		1A5D9A0B2913B81700DB27C2 /* ShortcutXkcdComics */ = {
			isa = PBXGroup;
			children = (
				1A5D9A302913C24300DB27C2 /* Networking */,
				1A5D9A252913B9E500DB27C2 /* Common */,
				1A5D9A242913B9D700DB27C2 /* Screens */,
				1A5D9A232913B9D000DB27C2 /* Utility */,
				1A5D9A0C2913B81700DB27C2 /* AppDelegate.swift */,
				1A5D9A0E2913B81700DB27C2 /* SceneDelegate.swift */,
				1A5D9A182913B81800DB27C2 /* Assets.xcassets */,
				1A5D9A1A2913B81800DB27C2 /* LaunchScreen.storyboard */,
				1A5D9A1D2913B81800DB27C2 /* Info.plist */,
				1A5D9A152913B81700DB27C2 /* ShortcutXkcdComics.xcdatamodeld */,
				1A5D9A292913BB7200DB27C2 /* README.md */,
			);
			path = ShortcutXkcdComics;
			sourceTree = "<group>";
		};
		1A5D9A232913B9D000DB27C2 /* Utility */ = {
			isa = PBXGroup;
			children = (
				1A5D9A372913C2B100DB27C2 /* Constants.swift */,
				1A5D9A392913C31100DB27C2 /* DataParser.swift */,
				1A5D9A472913C8FE00DB27C2 /* Alert.swift */,
			);
			path = Utility;
			sourceTree = "<group>";
		};
		1A5D9A242913B9D700DB27C2 /* Screens */ = {
			isa = PBXGroup;
			children = (
				1A5D9A262913BA0C00DB27C2 /* Home */,
			);
			path = Screens;
			sourceTree = "<group>";
		};
		1A5D9A252913B9E500DB27C2 /* Common */ = {
			isa = PBXGroup;
			children = (
				1A5D9A2C2913BCBB00DB27C2 /* ViewModel */,
				1A5D9A2B2913BCB500DB27C2 /* View */,
				1A5D9A2A2913BCAD00DB27C2 /* Model */,
			);
			path = Common;
			sourceTree = "<group>";
		};
		1A5D9A262913BA0C00DB27C2 /* Home */ = {
			isa = PBXGroup;
			children = (
				1A5D9A272913BA1D00DB27C2 /* Home.swift */,
				1A5D9A452913C84900DB27C2 /* HomeViewModel.swift */,
			);
			path = Home;
			sourceTree = "<group>";
		};
		1A5D9A2A2913BCAD00DB27C2 /* Model */ = {
			isa = PBXGroup;
			children = (
				1A5D9A412913C7F300DB27C2 /* Comic.swift */,
			);
			path = Model;
			sourceTree = "<group>";
		};
		1A5D9A2B2913BCB500DB27C2 /* View */ = {
			isa = PBXGroup;
			children = (
			);
			path = View;
			sourceTree = "<group>";
		};
		1A5D9A2C2913BCBB00DB27C2 /* ViewModel */ = {
			isa = PBXGroup;
			children = (
			);
			path = ViewModel;
			sourceTree = "<group>";
		};
		1A5D9A302913C24300DB27C2 /* Networking */ = {
			isa = PBXGroup;
			children = (
				1A5D9A3B2913C33800DB27C2 /* Api */,
				1A5D9A352913C28800DB27C2 /* Endpoints.swift */,
				1A5D9A332913C27B00DB27C2 /* NetworkingError.swift */,
				1A5D9A312913C26D00DB27C2 /* NetworkingService.swift */,
			);
			path = Networking;
			sourceTree = "<group>";
		};
		1A5D9A3B2913C33800DB27C2 /* Api */ = {
			isa = PBXGroup;
			children = (
				1A5D9A3C2913C34200DB27C2 /* Comics */,
			);
			path = Api;
			sourceTree = "<group>";
		};
		1A5D9A3C2913C34200DB27C2 /* Comics */ = {
			isa = PBXGroup;
			children = (
				1A5D9A3D2913C35900DB27C2 /* ComicsResponse.swift */,
				1A5D9A3F2913C37500DB27C2 /* ComicsApiProtocol.swift */,
				1A5D9A432913C82700DB27C2 /* ComicsApi.swift */,
			);
			path = Comics;
			sourceTree = "<group>";
		};
/* End PBXGroup section */

/* Begin PBXNativeTarget section */
		1A5D9A082913B81700DB27C2 /* ShortcutXkcdComics */ = {
			isa = PBXNativeTarget;
			buildConfigurationList = 1A5D9A202913B81800DB27C2 /* Build configuration list for PBXNativeTarget "ShortcutXkcdComics" */;
			buildPhases = (
				1A5D9A052913B81700DB27C2 /* Sources */,
				1A5D9A062913B81700DB27C2 /* Frameworks */,
				1A5D9A072913B81700DB27C2 /* Resources */,
			);
			buildRules = (
			);
			dependencies = (
			);
			name = ShortcutXkcdComics;
			packageProductDependencies = (
				1A5D9A2E2913BD0A00DB27C2 /* UIKitHelper */,
			);
			productName = ShortcutXkcdComics;
			productReference = 1A5D9A092913B81700DB27C2 /* ShortcutXkcdComics.app */;
			productType = "com.apple.product-type.application";
		};
/* End PBXNativeTarget section */

/* Begin PBXProject section */
		1A5D9A012913B81700DB27C2 /* Project object */ = {
			isa = PBXProject;
			attributes = {
				BuildIndependentTargetsInParallel = 1;
				LastSwiftUpdateCheck = 1330;
				LastUpgradeCheck = 1330;
				TargetAttributes = {
					1A5D9A082913B81700DB27C2 = {
						CreatedOnToolsVersion = 13.3.1;
					};
				};
			};
			buildConfigurationList = 1A5D9A042913B81700DB27C2 /* Build configuration list for PBXProject "ShortcutXkcdComics" */;
			compatibilityVersion = "Xcode 13.0";
			developmentRegion = en;
			hasScannedForEncodings = 0;
			knownRegions = (
				en,
				Base,
			);
			mainGroup = 1A5D9A002913B81700DB27C2;
			packageReferences = (
				1A5D9A2D2913BD0900DB27C2 /* XCRemoteSwiftPackageReference "UIKitHelper" */,
			);
			productRefGroup = 1A5D9A0A2913B81700DB27C2 /* Products */;
			projectDirPath = "";
			projectRoot = "";
			targets = (
				1A5D9A082913B81700DB27C2 /* ShortcutXkcdComics */,
			);
		};
/* End PBXProject section */

/* Begin PBXResourcesBuildPhase section */
		1A5D9A072913B81700DB27C2 /* Resources */ = {
			isa = PBXResourcesBuildPhase;
			buildActionMask = 2147483647;
			files = (
				1A5D9A1C2913B81800DB27C2 /* LaunchScreen.storyboard in Resources */,
				1A5D9A192913B81800DB27C2 /* Assets.xcassets in Resources */,
			);
			runOnlyForDeploymentPostprocessing = 0;
		};
/* End PBXResourcesBuildPhase section */

/* Begin PBXSourcesBuildPhase section */
		1A5D9A052913B81700DB27C2 /* Sources */ = {
			isa = PBXSourcesBuildPhase;
			buildActionMask = 2147483647;
			files = (
				1A5D9A322913C26D00DB27C2 /* NetworkingService.swift in Sources */,
				1A5D9A422913C7F300DB27C2 /* Comic.swift in Sources */,
				1A5D9A0D2913B81700DB27C2 /* AppDelegate.swift in Sources */,
				1A5D9A482913C8FE00DB27C2 /* Alert.swift in Sources */,
				1A5D9A0F2913B81700DB27C2 /* SceneDelegate.swift in Sources */,
				1A5D9A362913C28800DB27C2 /* Endpoints.swift in Sources */,
				1A5D9A402913C37500DB27C2 /* ComicsApiProtocol.swift in Sources */,
				1A5D9A442913C82700DB27C2 /* ComicsApi.swift in Sources */,
				1A5D9A282913BA1D00DB27C2 /* Home.swift in Sources */,
				1A5D9A342913C27B00DB27C2 /* NetworkingError.swift in Sources */,
				1A5D9A462913C84900DB27C2 /* HomeViewModel.swift in Sources */,
				1A5D9A3E2913C35900DB27C2 /* ComicsResponse.swift in Sources */,
				1A5D9A172913B81700DB27C2 /* ShortcutXkcdComics.xcdatamodeld in Sources */,
				1A5D9A382913C2B100DB27C2 /* Constants.swift in Sources */,
				1A5D9A3A2913C31100DB27C2 /* DataParser.swift in Sources */,
			);
			runOnlyForDeploymentPostprocessing = 0;
		};
/* End PBXSourcesBuildPhase section */

/* Begin PBXVariantGroup section */
		1A5D9A1A2913B81800DB27C2 /* LaunchScreen.storyboard */ = {
			isa = PBXVariantGroup;
			children = (
				1A5D9A1B2913B81800DB27C2 /* Base */,
			);
			name = LaunchScreen.storyboard;
			sourceTree = "<group>";
		};
/* End PBXVariantGroup section */

/* Begin XCBuildConfiguration section */
		1A5D9A1E2913B81800DB27C2 /* Debug */ = {
			isa = XCBuildConfiguration;
			buildSettings = {
				ALWAYS_SEARCH_USER_PATHS = NO;
				CLANG_ANALYZER_NONNULL = YES;
				CLANG_ANALYZER_NUMBER_OBJECT_CONVERSION = YES_AGGRESSIVE;
				CLANG_CXX_LANGUAGE_STANDARD = "gnu++17";
				CLANG_ENABLE_MODULES = YES;
				CLANG_ENABLE_OBJC_ARC = YES;
				CLANG_ENABLE_OBJC_WEAK = YES;
				CLANG_WARN_BLOCK_CAPTURE_AUTORELEASING = YES;
				CLANG_WARN_BOOL_CONVERSION = YES;
				CLANG_WARN_COMMA = YES;
				CLANG_WARN_CONSTANT_CONVERSION = YES;
				CLANG_WARN_DEPRECATED_OBJC_IMPLEMENTATIONS = YES;
				CLANG_WARN_DIRECT_OBJC_ISA_USAGE = YES_ERROR;
				CLANG_WARN_DOCUMENTATION_COMMENTS = YES;
				CLANG_WARN_EMPTY_BODY = YES;
				CLANG_WARN_ENUM_CONVERSION = YES;
				CLANG_WARN_INFINITE_RECURSION = YES;
				CLANG_WARN_INT_CONVERSION = YES;
				CLANG_WARN_NON_LITERAL_NULL_CONVERSION = YES;
				CLANG_WARN_OBJC_IMPLICIT_RETAIN_SELF = YES;
				CLANG_WARN_OBJC_LITERAL_CONVERSION = YES;
				CLANG_WARN_OBJC_ROOT_CLASS = YES_ERROR;
				CLANG_WARN_QUOTED_INCLUDE_IN_FRAMEWORK_HEADER = YES;
				CLANG_WARN_RANGE_LOOP_ANALYSIS = YES;
				CLANG_WARN_STRICT_PROTOTYPES = YES;
				CLANG_WARN_SUSPICIOUS_MOVE = YES;
				CLANG_WARN_UNGUARDED_AVAILABILITY = YES_AGGRESSIVE;
				CLANG_WARN_UNREACHABLE_CODE = YES;
				CLANG_WARN__DUPLICATE_METHOD_MATCH = YES;
				COPY_PHASE_STRIP = NO;
				DEBUG_INFORMATION_FORMAT = dwarf;
				ENABLE_STRICT_OBJC_MSGSEND = YES;
				ENABLE_TESTABILITY = YES;
				GCC_C_LANGUAGE_STANDARD = gnu11;
				GCC_DYNAMIC_NO_PIC = NO;
				GCC_NO_COMMON_BLOCKS = YES;
				GCC_OPTIMIZATION_LEVEL = 0;
				GCC_PREPROCESSOR_DEFINITIONS = (
					"DEBUG=1",
					"$(inherited)",
				);
				GCC_WARN_64_TO_32_BIT_CONVERSION = YES;
				GCC_WARN_ABOUT_RETURN_TYPE = YES_ERROR;
				GCC_WARN_UNDECLARED_SELECTOR = YES;
				GCC_WARN_UNINITIALIZED_AUTOS = YES_AGGRESSIVE;
				GCC_WARN_UNUSED_FUNCTION = YES;
				GCC_WARN_UNUSED_VARIABLE = YES;
				IPHONEOS_DEPLOYMENT_TARGET = 15.4;
				MTL_ENABLE_DEBUG_INFO = INCLUDE_SOURCE;
				MTL_FAST_MATH = YES;
				ONLY_ACTIVE_ARCH = YES;
				SDKROOT = iphoneos;
				SWIFT_ACTIVE_COMPILATION_CONDITIONS = DEBUG;
				SWIFT_OPTIMIZATION_LEVEL = "-Onone";
			};
			name = Debug;
		};
		1A5D9A1F2913B81800DB27C2 /* Release */ = {
			isa = XCBuildConfiguration;
			buildSettings = {
				ALWAYS_SEARCH_USER_PATHS = NO;
				CLANG_ANALYZER_NONNULL = YES;
				CLANG_ANALYZER_NUMBER_OBJECT_CONVERSION = YES_AGGRESSIVE;
				CLANG_CXX_LANGUAGE_STANDARD = "gnu++17";
				CLANG_ENABLE_MODULES = YES;
				CLANG_ENABLE_OBJC_ARC = YES;
				CLANG_ENABLE_OBJC_WEAK = YES;
				CLANG_WARN_BLOCK_CAPTURE_AUTORELEASING = YES;
				CLANG_WARN_BOOL_CONVERSION = YES;
				CLANG_WARN_COMMA = YES;
				CLANG_WARN_CONSTANT_CONVERSION = YES;
				CLANG_WARN_DEPRECATED_OBJC_IMPLEMENTATIONS = YES;
				CLANG_WARN_DIRECT_OBJC_ISA_USAGE = YES_ERROR;
				CLANG_WARN_DOCUMENTATION_COMMENTS = YES;
				CLANG_WARN_EMPTY_BODY = YES;
				CLANG_WARN_ENUM_CONVERSION = YES;
				CLANG_WARN_INFINITE_RECURSION = YES;
				CLANG_WARN_INT_CONVERSION = YES;
				CLANG_WARN_NON_LITERAL_NULL_CONVERSION = YES;
				CLANG_WARN_OBJC_IMPLICIT_RETAIN_SELF = YES;
				CLANG_WARN_OBJC_LITERAL_CONVERSION = YES;
				CLANG_WARN_OBJC_ROOT_CLASS = YES_ERROR;
				CLANG_WARN_QUOTED_INCLUDE_IN_FRAMEWORK_HEADER = YES;
				CLANG_WARN_RANGE_LOOP_ANALYSIS = YES;
				CLANG_WARN_STRICT_PROTOTYPES = YES;
				CLANG_WARN_SUSPICIOUS_MOVE = YES;
				CLANG_WARN_UNGUARDED_AVAILABILITY = YES_AGGRESSIVE;
				CLANG_WARN_UNREACHABLE_CODE = YES;
				CLANG_WARN__DUPLICATE_METHOD_MATCH = YES;
				COPY_PHASE_STRIP = NO;
				DEBUG_INFORMATION_FORMAT = "dwarf-with-dsym";
				ENABLE_NS_ASSERTIONS = NO;
				ENABLE_STRICT_OBJC_MSGSEND = YES;
				GCC_C_LANGUAGE_STANDARD = gnu11;
				GCC_NO_COMMON_BLOCKS = YES;
				GCC_WARN_64_TO_32_BIT_CONVERSION = YES;
				GCC_WARN_ABOUT_RETURN_TYPE = YES_ERROR;
				GCC_WARN_UNDECLARED_SELECTOR = YES;
				GCC_WARN_UNINITIALIZED_AUTOS = YES_AGGRESSIVE;
				GCC_WARN_UNUSED_FUNCTION = YES;
				GCC_WARN_UNUSED_VARIABLE = YES;
				IPHONEOS_DEPLOYMENT_TARGET = 15.4;
				MTL_ENABLE_DEBUG_INFO = NO;
				MTL_FAST_MATH = YES;
				SDKROOT = iphoneos;
				SWIFT_COMPILATION_MODE = wholemodule;
				SWIFT_OPTIMIZATION_LEVEL = "-O";
				VALIDATE_PRODUCT = YES;
			};
			name = Release;
		};
		1A5D9A212913B81800DB27C2 /* Debug */ = {
			isa = XCBuildConfiguration;
			buildSettings = {
				ASSETCATALOG_COMPILER_APPICON_NAME = AppIcon;
				ASSETCATALOG_COMPILER_GLOBAL_ACCENT_COLOR_NAME = AccentColor;
				CODE_SIGN_STYLE = Automatic;
				CURRENT_PROJECT_VERSION = 1;
				DEVELOPMENT_TEAM = W356Z6QJMQ;
				GENERATE_INFOPLIST_FILE = YES;
				INFOPLIST_FILE = ShortcutXkcdComics/Info.plist;
				INFOPLIST_KEY_UIApplicationSupportsIndirectInputEvents = YES;
				INFOPLIST_KEY_UILaunchStoryboardName = LaunchScreen;
				INFOPLIST_KEY_UIMainStoryboardFile = Main;
				INFOPLIST_KEY_UISupportedInterfaceOrientations_iPad = "UIInterfaceOrientationPortrait UIInterfaceOrientationPortraitUpsideDown UIInterfaceOrientationLandscapeLeft UIInterfaceOrientationLandscapeRight";
				INFOPLIST_KEY_UISupportedInterfaceOrientations_iPhone = "UIInterfaceOrientationPortrait UIInterfaceOrientationLandscapeLeft UIInterfaceOrientationLandscapeRight";
				LD_RUNPATH_SEARCH_PATHS = (
					"$(inherited)",
					"@executable_path/Frameworks",
				);
				MARKETING_VERSION = 1.0;
				PRODUCT_BUNDLE_IDENTIFIER = com.amirsaidi.ShortcutXkcdComics;
				PRODUCT_NAME = "$(TARGET_NAME)";
				SWIFT_EMIT_LOC_STRINGS = YES;
				SWIFT_VERSION = 5.0;
				TARGETED_DEVICE_FAMILY = 1;
			};
			name = Debug;
		};
		1A5D9A222913B81800DB27C2 /* Release */ = {
			isa = XCBuildConfiguration;
			buildSettings = {
				ASSETCATALOG_COMPILER_APPICON_NAME = AppIcon;
				ASSETCATALOG_COMPILER_GLOBAL_ACCENT_COLOR_NAME = AccentColor;
				CODE_SIGN_STYLE = Automatic;
				CURRENT_PROJECT_VERSION = 1;
				DEVELOPMENT_TEAM = W356Z6QJMQ;
				GENERATE_INFOPLIST_FILE = YES;
				INFOPLIST_FILE = ShortcutXkcdComics/Info.plist;
				INFOPLIST_KEY_UIApplicationSupportsIndirectInputEvents = YES;
				INFOPLIST_KEY_UILaunchStoryboardName = LaunchScreen;
				INFOPLIST_KEY_UIMainStoryboardFile = Main;
				INFOPLIST_KEY_UISupportedInterfaceOrientations_iPad = "UIInterfaceOrientationPortrait UIInterfaceOrientationPortraitUpsideDown UIInterfaceOrientationLandscapeLeft UIInterfaceOrientationLandscapeRight";
				INFOPLIST_KEY_UISupportedInterfaceOrientations_iPhone = "UIInterfaceOrientationPortrait UIInterfaceOrientationLandscapeLeft UIInterfaceOrientationLandscapeRight";
				LD_RUNPATH_SEARCH_PATHS = (
					"$(inherited)",
					"@executable_path/Frameworks",
				);
				MARKETING_VERSION = 1.0;
				PRODUCT_BUNDLE_IDENTIFIER = com.amirsaidi.ShortcutXkcdComics;
				PRODUCT_NAME = "$(TARGET_NAME)";
				SWIFT_EMIT_LOC_STRINGS = YES;
				SWIFT_VERSION = 5.0;
				TARGETED_DEVICE_FAMILY = 1;
			};
			name = Release;
		};
/* End XCBuildConfiguration section */

/* Begin XCConfigurationList section */
		1A5D9A042913B81700DB27C2 /* Build configuration list for PBXProject "ShortcutXkcdComics" */ = {
			isa = XCConfigurationList;
			buildConfigurations = (
				1A5D9A1E2913B81800DB27C2 /* Debug */,
				1A5D9A1F2913B81800DB27C2 /* Release */,
			);
			defaultConfigurationIsVisible = 0;
			defaultConfigurationName = Release;
		};
		1A5D9A202913B81800DB27C2 /* Build configuration list for PBXNativeTarget "ShortcutXkcdComics" */ = {
			isa = XCConfigurationList;
			buildConfigurations = (
				1A5D9A212913B81800DB27C2 /* Debug */,
				1A5D9A222913B81800DB27C2 /* Release */,
			);
			defaultConfigurationIsVisible = 0;
			defaultConfigurationName = Release;
		};
/* End XCConfigurationList section */

/* Begin XCRemoteSwiftPackageReference section */
		1A5D9A2D2913BD0900DB27C2 /* XCRemoteSwiftPackageReference "UIKitHelper" */ = {
			isa = XCRemoteSwiftPackageReference;
			repositoryURL = "https://github.com/amir-saidi/UIKitHelper";
			requirement = {
				kind = upToNextMajorVersion;
				minimumVersion = 1.0.0;
			};
		};
/* End XCRemoteSwiftPackageReference section */

/* Begin XCSwiftPackageProductDependency section */
		1A5D9A2E2913BD0A00DB27C2 /* UIKitHelper */ = {
			isa = XCSwiftPackageProductDependency;
			package = 1A5D9A2D2913BD0900DB27C2 /* XCRemoteSwiftPackageReference "UIKitHelper" */;
			productName = UIKitHelper;
		};
/* End XCSwiftPackageProductDependency section */

/* Begin XCVersionGroup section */
		1A5D9A152913B81700DB27C2 /* ShortcutXkcdComics.xcdatamodeld */ = {
			isa = XCVersionGroup;
			children = (
				1A5D9A162913B81700DB27C2 /* ShortcutXkcdComics.xcdatamodel */,
			);
			currentVersion = 1A5D9A162913B81700DB27C2 /* ShortcutXkcdComics.xcdatamodel */;
			path = ShortcutXkcdComics.xcdatamodeld;
			sourceTree = "<group>";
			versionGroupType = wrapper.xcdatamodel;
		};
/* End XCVersionGroup section */
	};
	rootObject = 1A5D9A012913B81700DB27C2 /* Project object */;
}
