{
  "pins" : [
    {
      "identity" : "kingfisher",
      "kind" : "remoteSourceControl",
      "location" : "https://github.com/onevcat/Kingfisher",
      "state" : {
        "branch" : "master",
        "revision" : "44e891bdb61426a95e31492a67c7c0dfad1f87c5"
      }
    },
    {
      "identity" : "uikithelper",
      "kind" : "remoteSourceControl",
      "location" : "https://github.com/amir-saidi/UIKitHelper",
      "state" : {
        "revision" : "b1cb21cfd30297672247c66a5117415e61a4b13a",
        "version" : "1.1.0"
      }
    }
  ],
  "version" : 2
}
